
Microsoft Visual Studio Solution File, Format Version 12.00
# Visual Studio Version 16
VisualStudioVersion = 16.0.29318.209
MinimumVisualStudioVersion = 10.0.40219.1
Project("{FAE04EC0-301F-11D3-BF4B-00C04F79EFBC}") = "iRMS", "iRMS\iRMS.csproj", "{6686B2F0-B2BB-489B-B646-3221AD1C1BA4}"
EndProject
Project("{FAE04EC0-301F-11D3-BF4B-00C04F79EFBC}") = "WindowUI", "WindowUI\WindowUI.csproj", "{2EAFA27E-BEB1-452F-85E4-EC6B55A4F83C}"
EndProject
Project("{FAE04EC0-301F-11D3-BF4B-00C04F79EFBC}") = "WinTest", "WinTest\WinTest.csproj", "{279EA706-BD49-4C33-A856-2F3D434AC638}"
EndProject
Project("{D954291E-2A0B-460D-934E-DC6B0785DB48}") = "Shared", "Shared\Shared.shproj", "{EEDA74FC-CA5A-4C06-9654-2600B74E2D1D}"
EndProject
Project("{FAE04EC0-301F-11D3-BF4B-00C04F79EFBC}") = "WindowUITest", "WindowUITest\WindowUITest.csproj", "{43C807A6-7834-4982-9A2F-3D820BED3700}"
EndProject
Project("{9A19103F-16F7-4668-BE54-9A1E7A4F7556}") = "CoreAppTest", "CoreAppTest\CoreAppTest.csproj", "{22F79FB1-7ED5-4ADD-A8D5-91041BE3D27D}"
EndProject
Project("{FAE04EC0-301F-11D3-BF4B-00C04F79EFBC}") = "CoreLibrary", "CoreLibrary\CoreLibrary.csproj", "{50F0C4D3-E9A9-43BD-9998-A2016ECD9171}"
EndProject
Global
	GlobalSection(SharedMSBuildProjectFiles) = preSolution
		Shared\Shared.projitems*{eeda74fc-ca5a-4c06-9654-2600b74e2d1d}*SharedItemsImports = 13
	EndGlobalSection
	GlobalSection(SolutionConfigurationPlatforms) = preSolution
		Debug|Any CPU = Debug|Any CPU
		Debug|x86 = Debug|x86
		Release|Any CPU = Release|Any CPU
		Release|x86 = Release|x86
	EndGlobalSection
	GlobalSection(ProjectConfigurationPlatforms) = postSolution
		{6686B2F0-B2BB-489B-B646-3221AD1C1BA4}.Debug|Any CPU.ActiveCfg = Debug|Any CPU
		{6686B2F0-B2BB-489B-B646-3221AD1C1BA4}.Debug|Any CPU.Build.0 = Debug|Any CPU
		{6686B2F0-B2BB-489B-B646-3221AD1C1BA4}.Debug|x86.ActiveCfg = Debug|x86
		{6686B2F0-B2BB-489B-B646-3221AD1C1BA4}.Debug|x86.Build.0 = Debug|x86
		{6686B2F0-B2BB-489B-B646-3221AD1C1BA4}.Release|Any CPU.ActiveCfg = Release|Any CPU
		{6686B2F0-B2BB-489B-B646-3221AD1C1BA4}.Release|Any CPU.Build.0 = Release|Any CPU
		{6686B2F0-B2BB-489B-B646-3221AD1C1BA4}.Release|x86.ActiveCfg = Release|x86
		{6686B2F0-B2BB-489B-B646-3221AD1C1BA4}.Release|x86.Build.0 = Release|x86
		{2EAFA27E-BEB1-452F-85E4-EC6B55A4F83C}.Debug|Any CPU.ActiveCfg = Debug|Any CPU
		{2EAFA27E-BEB1-452F-85E4-EC6B55A4F83C}.Debug|Any CPU.Build.0 = Debug|Any CPU
		{2EAFA27E-BEB1-452F-85E4-EC6B55A4F83C}.Debug|x86.ActiveCfg = Debug|Any CPU
		{2EAFA27E-BEB1-452F-85E4-EC6B55A4F83C}.Debug|x86.Build.0 = Debug|Any CPU
		{2EAFA27E-BEB1-452F-85E4-EC6B55A4F83C}.Release|Any CPU.ActiveCfg = Release|Any CPU
		{2EAFA27E-BEB1-452F-85E4-EC6B55A4F83C}.Release|Any CPU.Build.0 = Release|Any CPU
		{2EAFA27E-BEB1-452F-85E4-EC6B55A4F83C}.Release|x86.ActiveCfg = Release|Any CPU
		{2EAFA27E-BEB1-452F-85E4-EC6B55A4F83C}.Release|x86.Build.0 = Release|Any CPU
		{279EA706-BD49-4C33-A856-2F3D434AC638}.Debug|Any CPU.ActiveCfg = Debug|Any CPU
		{279EA706-BD49-4C33-A856-2F3D434AC638}.Debug|Any CPU.Build.0 = Debug|Any CPU
		{279EA706-BD49-4C33-A856-2F3D434AC638}.Debug|x86.ActiveCfg = Debug|Any CPU
		{279EA706-BD49-4C33-A856-2F3D434AC638}.Debug|x86.Build.0 = Debug|Any CPU
		{279EA706-BD49-4C33-A856-2F3D434AC638}.Release|Any CPU.ActiveCfg = Release|Any CPU
		{279EA706-BD49-4C33-A856-2F3D434AC638}.Release|Any CPU.Build.0 = Release|Any CPU
		{279EA706-BD49-4C33-A856-2F3D434AC638}.Release|x86.ActiveCfg = Release|Any CPU
		{279EA706-BD49-4C33-A856-2F3D434AC638}.Release|x86.Build.0 = Release|Any CPU
		{43C807A6-7834-4982-9A2F-3D820BED3700}.Debug|Any CPU.ActiveCfg = Debug|Any CPU
		{43C807A6-7834-4982-9A2F-3D820BED3700}.Debug|Any CPU.Build.0 = Debug|Any CPU
		{43C807A6-7834-4982-9A2F-3D820BED3700}.Debug|x86.ActiveCfg = Debug|Any CPU
		{43C807A6-7834-4982-9A2F-3D820BED3700}.Debug|x86.Build.0 = Debug|Any CPU
		{43C807A6-7834-4982-9A2F-3D820BED3700}.Release|Any CPU.ActiveCfg = Release|Any CPU
		{43C807A6-7834-4982-9A2F-3D820BED3700}.Release|Any CPU.Build.0 = Release|Any CPU
		{43C807A6-7834-4982-9A2F-3D820BED3700}.Release|x86.ActiveCfg = Release|Any CPU
		{43C807A6-7834-4982-9A2F-3D820BED3700}.Release|x86.Build.0 = Release|Any CPU
		{22F79FB1-7ED5-4ADD-A8D5-91041BE3D27D}.Debug|Any CPU.ActiveCfg = Debug|Any CPU
		{22F79FB1-7ED5-4ADD-A8D5-91041BE3D27D}.Debug|Any CPU.Build.0 = Debug|Any CPU
		{22F79FB1-7ED5-4ADD-A8D5-91041BE3D27D}.Debug|x86.ActiveCfg = Debug|Any CPU
		{22F79FB1-7ED5-4ADD-A8D5-91041BE3D27D}.Debug|x86.Build.0 = Debug|Any CPU
		{22F79FB1-7ED5-4ADD-A8D5-91041BE3D27D}.Release|Any CPU.ActiveCfg = Release|Any CPU
		{22F79FB1-7ED5-4ADD-A8D5-91041BE3D27D}.Release|Any CPU.Build.0 = Release|Any CPU
		{22F79FB1-7ED5-4ADD-A8D5-91041BE3D27D}.Release|x86.ActiveCfg = Release|Any CPU
		{22F79FB1-7ED5-4ADD-A8D5-91041BE3D27D}.Release|x86.Build.0 = Release|Any CPU
		{50F0C4D3-E9A9-43BD-9998-A2016ECD9171}.Debug|Any CPU.ActiveCfg = Debug|Any CPU
		{50F0C4D3-E9A9-43BD-9998-A2016ECD9171}.Debug|Any CPU.Build.0 = Debug|Any CPU
		{50F0C4D3-E9A9-43BD-9998-A2016ECD9171}.Debug|x86.ActiveCfg = Debug|Any CPU
		{50F0C4D3-E9A9-43BD-9998-A2016ECD9171}.Debug|x86.Build.0 = Debug|Any CPU
		{50F0C4D3-E9A9-43BD-9998-A2016ECD9171}.Release|Any CPU.ActiveCfg = Release|Any CPU
		{50F0C4D3-E9A9-43BD-9998-A2016ECD9171}.Release|Any CPU.Build.0 = Release|Any CPU
		{50F0C4D3-E9A9-43BD-9998-A2016ECD9171}.Release|x86.ActiveCfg = Release|Any CPU
		{50F0C4D3-E9A9-43BD-9998-A2016ECD9171}.Release|x86.Build.0 = Release|Any CPU
	EndGlobalSection
	GlobalSection(SolutionProperties) = preSolution
		HideSolutionNode = FALSE
	EndGlobalSection
	GlobalSection(ExtensibilityGlobals) = postSolution
		SolutionGuid = {23953E03-252A-499C-AA2D-04EFD82B35A4}
	EndGlobalSection
EndGlobal
